
Microsoft Visual Studio Solution File, Format Version 12.00
# Visual Studio Version 16
VisualStudioVersion = 16.0.31624.102
MinimumVisualStudioVersion = 10.0.40219.1
Project("{FAE04EC0-301F-11D3-BF4B-00C04F79EFBC}") = "EMS", "EMS\EMS.csproj", "{D39D1CBD-27BC-4F80-9638-8DC79C4CBD11}"
EndProject
Global
	GlobalSection(SolutionConfigurationPlatforms) = preSolution
		Debug|Any CPU = Debug|Any CPU
		Release|Any CPU = Release|Any CPU
	EndGlobalSection
	GlobalSection(ProjectConfigurationPlatforms) = postSolution
		{D39D1CBD-27BC-4F80-9638-8DC79C4CBD11}.Debug|Any CPU.ActiveCfg = Debug|Any CPU
		{D39D1CBD-27BC-4F80-9638-8DC79C4CBD11}.Debug|Any CPU.Build.0 = Debug|Any CPU
		{D39D1CBD-27BC-4F80-9638-8DC79C4CBD11}.Release|Any CPU.ActiveCfg = Release|Any CPU
		{D39D1CBD-27BC-4F80-9638-8DC79C4CBD11}.Release|Any CPU.Build.0 = Release|Any CPU
	EndGlobalSection
	GlobalSection(SolutionProperties) = preSolution
		HideSolutionNode = FALSE
	EndGlobalSection
	GlobalSection(ExtensibilityGlobals) = postSolution
		SolutionGuid = {C8082A92-D6D0-478D-8CCC-A0B66CB10B9C}
	EndGlobalSection
EndGlobal
